
Microsoft Visual Studio Solution File, Format Version 12.00
# Visual Studio Version 17
VisualStudioVersion = 17.14.36915.13 d17.14
MinimumVisualStudioVersion = 10.0.40219.1
Project("{FAE04EC0-301F-11D3-BF4B-00C04F79EFBC}") = "PARSING ENUMS SUBMISSION ASSIGNMENT", "PARSING ENUMS SUBMISSION ASSIGNMENT.csproj", "{966CBCCF-B60F-46ED-AC27-221A44BEC20A}"
EndProject
Global
	GlobalSection(SolutionConfigurationPlatforms) = preSolution
		Debug|Any CPU = Debug|Any CPU
		Release|Any CPU = Release|Any CPU
	EndGlobalSection
	GlobalSection(ProjectConfigurationPlatforms) = postSolution
		{966CBCCF-B60F-46ED-AC27-221A44BEC20A}.Debug|Any CPU.ActiveCfg = Debug|Any CPU
		{966CBCCF-B60F-46ED-AC27-221A44BEC20A}.Debug|Any CPU.Build.0 = Debug|Any CPU
		{966CBCCF-B60F-46ED-AC27-221A44BEC20A}.Release|Any CPU.ActiveCfg = Release|Any CPU
		{966CBCCF-B60F-46ED-AC27-221A44BEC20A}.Release|Any CPU.Build.0 = Release|Any CPU
	EndGlobalSection
	GlobalSection(SolutionProperties) = preSolution
		HideSolutionNode = FALSE
	EndGlobalSection
	GlobalSection(ExtensibilityGlobals) = postSolution
		SolutionGuid = {837BBEBE-2BD7-4378-AC4F-0ED2E31CE692}
	EndGlobalSection
EndGlobal
